lockfileVersion: '6.0'

settings:
  autoInstallPeers: true
  excludeLinksFromLockfile: false

dependencies:
  tslib:
    specifier: ^2.6.1
    version: 2.6.1

devDependencies:
  '@types/node':
    specifier: ^16.18.39
    version: 16.18.39
  typescript:
    specifier: ^5.1.6
    version: 5.1.6

packages:

  /@types/node@16.18.39:
    resolution: {integrity: sha512-8q9ZexmdYYyc5/cfujaXb4YOucpQxAV4RMG0himLyDUOEr8Mr79VrqsFI+cQ2M2h89YIuy95lbxuYjxT4Hk4kQ==}
    dev: true

  /tslib@2.6.1:
    resolution: {integrity: sha512-t0hLfiEKfMUoqhG+U1oid7Pva4bbDPHYfJNiB7BiIjRkj1pyC++4N3huJfqY6aRH6VTB0rvtzQwjM4K6qpfOig==}
    dev: false

  /typescript@5.1.6:
    resolution: {integrity: sha512-zaWCozRZ6DLEWAWFrVDz1H6FVXzUSfTy5FUMWsQlU8Ym5JP9eO4xkTIROFCQvhQf61z6O/G6ugw3SgAnvvm+HA==}
    engines: {node: '>=14.17'}
    hasBin: true
    dev: true
